// !$*UTF8*$!
{
	archiveVersion = 1;
	classes = {
	};
	objectVersion = 46;
	objects = {

/* Begin PBXBuildFile section */
		D0036AE31912089400D7DF1C /* AudioToolbox.framework in Frameworks */ = {isa = PBXBuildFile; fileRef = D0036AE21912089400D7DF1C /* AudioToolbox.framework */; };
		D0036AED191208C900D7DF1C /* CFNetwork.framework in Frameworks */ = {isa = PBXBuildFile; fileRef = D0036AE4191208C900D7DF1C /* CFNetwork.framework */; };
		D0036AEE191208C900D7DF1C /* CoreLocation.framework in Frameworks */ = {isa = PBXBuildFile; fileRef = D0036AE5191208C900D7DF1C /* CoreLocation.framework */; };
		D0036AEF191208C900D7DF1C /* libz.dylib in Frameworks */ = {isa = PBXBuildFile; fileRef = D0036AE6191208C900D7DF1C /* libz.dylib */; };
		D0036AF0191208C900D7DF1C /* MobileCoreServices.framework in Frameworks */ = {isa = PBXBuildFile; fileRef = D0036AE7191208C900D7DF1C /* MobileCoreServices.framework */; };
		D0036AF1191208C900D7DF1C /* QuartzCore.framework in Frameworks */ = {isa = PBXBuildFile; fileRef = D0036AE8191208C900D7DF1C /* QuartzCore.framework */; };
		D0036AF2191208C900D7DF1C /* Security.framework in Frameworks */ = {isa = PBXBuildFile; fileRef = D0036AE9191208C900D7DF1C /* Security.framework */; };
		D0036AF3191208C900D7DF1C /* StoreKit.framework in Frameworks */ = {isa = PBXBuildFile; fileRef = D0036AEA191208C900D7DF1C /* StoreKit.framework */; };
		D0036AF4191208C900D7DF1C /* SystemConfiguration.framework in Frameworks */ = {isa = PBXBuildFile; fileRef = D0036AEB191208C900D7DF1C /* SystemConfiguration.framework */; };
		D0036AF5191208C900D7DF1C /* Twitter.framework in Frameworks */ = {isa = PBXBuildFile; fileRef = D0036AEC191208C900D7DF1C /* Twitter.framework */; };
		D0A7CE15191207DB0073EE5F /* Foundation.framework in Frameworks */ = {isa = PBXBuildFile; fileRef = D0A7CE14191207DB0073EE5F /* Foundation.framework */; };
		D0A7CE17191207DB0073EE5F /* CoreGraphics.framework in Frameworks */ = {isa = PBXBuildFile; fileRef = D0A7CE16191207DB0073EE5F /* CoreGraphics.framework */; };
		D0A7CE19191207DB0073EE5F /* UIKit.framework in Frameworks */ = {isa = PBXBuildFile; fileRef = D0A7CE18191207DB0073EE5F /* UIKit.framework */; };
		D0A7CE1F191207DB0073EE5F /* InfoPlist.strings in Resources */ = {isa = PBXBuildFile; fileRef = D0A7CE1D191207DB0073EE5F /* InfoPlist.strings */; };
		D0A7CE21191207DB0073EE5F /* main.m in Sources */ = {isa = PBXBuildFile; fileRef = D0A7CE20191207DB0073EE5F /* main.m */; };
		D0A7CE25191207DB0073EE5F /* AppDelegate.m in Sources */ = {isa = PBXBuildFile; fileRef = D0A7CE24191207DB0073EE5F /* AppDelegate.m */; };
		D0A7CE28191207DB0073EE5F /* Main.storyboard in Resources */ = {isa = PBXBuildFile; fileRef = D0A7CE26191207DB0073EE5F /* Main.storyboard */; };
		D0A7CE30191207DB0073EE5F /* Images.xcassets in Resources */ = {isa = PBXBuildFile; fileRef = D0A7CE2F191207DB0073EE5F /* Images.xcassets */; };
		D0A7CE37191207DB0073EE5F /* XCTest.framework in Frameworks */ = {isa = PBXBuildFile; fileRef = D0A7CE36191207DB0073EE5F /* XCTest.framework */; };
		D0A7CE38191207DB0073EE5F /* Foundation.framework in Frameworks */ = {isa = PBXBuildFile; fileRef = D0A7CE14191207DB0073EE5F /* Foundation.framework */; };
		D0A7CE39191207DB0073EE5F /* UIKit.framework in Frameworks */ = {isa = PBXBuildFile; fileRef = D0A7CE18191207DB0073EE5F /* UIKit.framework */; };
		D0A7CE41191207DB0073EE5F /* InfoPlist.strings in Resources */ = {isa = PBXBuildFile; fileRef = D0A7CE3F191207DB0073EE5F /* InfoPlist.strings */; };
		D0A7CE43191207DB0073EE5F /* Found_It_Tests.m in Sources */ = {isa = PBXBuildFile; fileRef = D0A7CE42191207DB0073EE5F /* Found_It_Tests.m */; };
		D0B5E62D1912166C00533008 /* FacebookSDK.framework in Frameworks */ = {isa = PBXBuildFile; fileRef = D0B5E62B1912166C00533008 /* FacebookSDK.framework */; };
		D0B5E62E1912166C00533008 /* Parse.framework in Frameworks */ = {isa = PBXBuildFile; fileRef = D0B5E62C1912166C00533008 /* Parse.framework */; };
		D0B5E631191216E900533008 /* LoginViewController.m in Sources */ = {isa = PBXBuildFile; fileRef = D0B5E630191216E900533008 /* LoginViewController.m */; };
		D0B5E63419121D8B00533008 /* SettingsTableViewController.m in Sources */ = {isa = PBXBuildFile; fileRef = D0B5E63319121D8B00533008 /* SettingsTableViewController.m */; };
/* End PBXBuildFile section */

/* Begin PBXContainerItemProxy section */
		D0A7CE3A191207DB0073EE5F /* PBXContainerItemProxy */ = {
			isa = PBXContainerItemProxy;
			containerPortal = D0A7CE09191207DB0073EE5F /* Project object */;
			proxyType = 1;
			remoteGlobalIDString = D0A7CE10191207DB0073EE5F;
			remoteInfo = "Found It!";
		};
/* End PBXContainerItemProxy section */

/* Begin PBXFileReference section */
		D0036AE21912089400D7DF1C /* AudioToolbox.framework */ = {isa = PBXFileReference; lastKnownFileType = wrapper.framework; name = AudioToolbox.framework; path = System/Library/Frameworks/AudioToolbox.framework; sourceTree = SDKROOT; };
		D0036AE4191208C900D7DF1C /* CFNetwork.framework */ = {isa = PBXFileReference; lastKnownFileType = wrapper.framework; name = CFNetwork.framework; path = System/Library/Frameworks/CFNetwork.framework; sourceTree = SDKROOT; };
		D0036AE5191208C900D7DF1C /* CoreLocation.framework */ = {isa = PBXFileReference; lastKnownFileType = wrapper.framework; name = CoreLocation.framework; path = System/Library/Frameworks/CoreLocation.framework; sourceTree = SDKROOT; };
		D0036AE6191208C900D7DF1C /* libz.dylib */ = {isa = PBXFileReference; lastKnownFileType = "compiled.mach-o.dylib"; name = libz.dylib; path = usr/lib/libz.dylib; sourceTree = SDKROOT; };
		D0036AE7191208C900D7DF1C /* MobileCoreServices.framework */ = {isa = PBXFileReference; lastKnownFileType = wrapper.framework; name = MobileCoreServices.framework; path = System/Library/Frameworks/MobileCoreServices.framework; sourceTree = SDKROOT; };
		D0036AE8191208C900D7DF1C /* QuartzCore.framework */ = {isa = PBXFileReference; lastKnownFileType = wrapper.framework; name = QuartzCore.framework; path = System/Library/Frameworks/QuartzCore.framework; sourceTree = SDKROOT; };
		D0036AE9191208C900D7DF1C /* Security.framework */ = {isa = PBXFileReference; lastKnownFileType = wrapper.framework; name = Security.framework; path = System/Library/Frameworks/Security.framework; sourceTree = SDKROOT; };
		D0036AEA191208C900D7DF1C /* StoreKit.framework */ = {isa = PBXFileReference; lastKnownFileType = wrapper.framework; name = StoreKit.framework; path = System/Library/Frameworks/StoreKit.framework; sourceTree = SDKROOT; };
		D0036AEB191208C900D7DF1C /* SystemConfiguration.framework */ = {isa = PBXFileReference; lastKnownFileType = wrapper.framework; name = SystemConfiguration.framework; path = System/Library/Frameworks/SystemConfiguration.framework; sourceTree = SDKROOT; };
		D0036AEC191208C900D7DF1C /* Twitter.framework */ = {isa = PBXFileReference; lastKnownFileType = wrapper.framework; name = Twitter.framework; path = System/Library/Frameworks/Twitter.framework; sourceTree = SDKROOT; };
		D0A7CE11191207DB0073EE5F /* Found It!.app */ = {isa = PBXFileReference; explicitFileType = wrapper.application; includeInIndex = 0; path = "Found It!.app"; sourceTree = BUILT_PRODUCTS_DIR; };
		D0A7CE14191207DB0073EE5F /* Foundation.framework */ = {isa = PBXFileReference; lastKnownFileType = wrapper.framework; name = Foundation.framework; path = System/Library/Frameworks/Foundation.framework; sourceTree = SDKROOT; };
		D0A7CE16191207DB0073EE5F /* CoreGraphics.framework */ = {isa = PBXFileReference; lastKnownFileType = wrapper.framework; name = CoreGraphics.framework; path = System/Library/Frameworks/CoreGraphics.framework; sourceTree = SDKROOT; };
		D0A7CE18191207DB0073EE5F /* UIKit.framework */ = {isa = PBXFileReference; lastKnownFileType = wrapper.framework; name = UIKit.framework; path = System/Library/Frameworks/UIKit.framework; sourceTree = SDKROOT; };
		D0A7CE1C191207DB0073EE5F /* Found It!-Info.plist */ = {isa = PBXFileReference; lastKnownFileType = text.plist.xml; path = "Found It!-Info.plist"; sourceTree = "<group>"; };
		D0A7CE1E191207DB0073EE5F /* en */ = {isa = PBXFileReference; lastKnownFileType = text.plist.strings; name = en; path = en.lproj/InfoPlist.strings; sourceTree = "<group>"; };
		D0A7CE20191207DB0073EE5F /* main.m */ = {isa = PBXFileReference; lastKnownFileType = sourcecode.c.objc; path = main.m; sourceTree = "<group>"; };
		D0A7CE22191207DB0073EE5F /* Found It!-Prefix.pch */ = {isa = PBXFileReference; lastKnownFileType = sourcecode.c.h; path = "Found It!-Prefix.pch"; sourceTree = "<group>"; };
		D0A7CE23191207DB0073EE5F /* AppDelegate.h */ = {isa = PBXFileReference; lastKnownFileType = sourcecode.c.h; path = AppDelegate.h; sourceTree = "<group>"; };
		D0A7CE24191207DB0073EE5F /* AppDelegate.m */ = {isa = PBXFileReference; lastKnownFileType = sourcecode.c.objc; path = AppDelegate.m; sourceTree = "<group>"; };
		D0A7CE27191207DB0073EE5F /* Base */ = {isa = PBXFileReference; lastKnownFileType = file.storyboard; name = Base; path = Base.lproj/Main.storyboard; sourceTree = "<group>"; };
		D0A7CE2F191207DB0073EE5F /* Images.xcassets */ = {isa = PBXFileReference; lastKnownFileType = folder.assetcatalog; path = Images.xcassets; sourceTree = "<group>"; };
		D0A7CE35191207DB0073EE5F /* Found It!Tests.xctest */ = {isa = PBXFileReference; explicitFileType = wrapper.cfbundle; includeInIndex = 0; path = "Found It!Tests.xctest"; sourceTree = BUILT_PRODUCTS_DIR; };
		D0A7CE36191207DB0073EE5F /* XCTest.framework */ = {isa = PBXFileReference; lastKnownFileType = wrapper.framework; name = XCTest.framework; path = Library/Frameworks/XCTest.framework; sourceTree = DEVELOPER_DIR; };
		D0A7CE3E191207DB0073EE5F /* Found It!Tests-Info.plist */ = {isa = PBXFileReference; lastKnownFileType = text.plist.xml; path = "Found It!Tests-Info.plist"; sourceTree = "<group>"; };
		D0A7CE40191207DB0073EE5F /* en */ = {isa = PBXFileReference; lastKnownFileType = text.plist.strings; name = en; path = en.lproj/InfoPlist.strings; sourceTree = "<group>"; };
		D0A7CE42191207DB0073EE5F /* Found_It_Tests.m */ = {isa = PBXFileReference; lastKnownFileType = sourcecode.c.objc; path = Found_It_Tests.m; sourceTree = "<group>"; };
		D0B5E62B1912166C00533008 /* FacebookSDK.framework */ = {isa = PBXFileReference; lastKnownFileType = wrapper.framework; path = FacebookSDK.framework; sourceTree = "<group>"; };
		D0B5E62C1912166C00533008 /* Parse.framework */ = {isa = PBXFileReference; lastKnownFileType = wrapper.framework; path = Parse.framework; sourceTree = "<group>"; };
		D0B5E62F191216E900533008 /* LoginViewController.h */ = {isa = PBXFileReference; fileEncoding = 4; lastKnownFileType = sourcecode.c.h; path = LoginViewController.h; sourceTree = "<group>"; };
		D0B5E630191216E900533008 /* LoginViewController.m */ = {isa = PBXFileReference; fileEncoding = 4; lastKnownFileType = sourcecode.c.objc; path = LoginViewController.m; sourceTree = "<group>"; };
		D0B5E63219121D8B00533008 /* SettingsTableViewController.h */ = {isa = PBXFileReference; fileEncoding = 4; lastKnownFileType = sourcecode.c.h; path = SettingsTableViewController.h; sourceTree = "<group>"; };
		D0B5E63319121D8B00533008 /* SettingsTableViewController.m */ = {isa = PBXFileReference; fileEncoding = 4; lastKnownFileType = sourcecode.c.objc; path = SettingsTableViewController.m; sourceTree = "<group>"; };
/* End PBXFileReference section */

/* Begin PBXFrameworksBuildPhase section */
		D0A7CE0E191207DB0073EE5F /* Frameworks */ = {
			isa = PBXFrameworksBuildPhase;
			buildActionMask = 2147483647;
			files = (
				D0B5E62D1912166C00533008 /* FacebookSDK.framework in Frameworks */,
				D0B5E62E1912166C00533008 /* Parse.framework in Frameworks */,
				D0036AED191208C900D7DF1C /* CFNetwork.framework in Frameworks */,
				D0036AEE191208C900D7DF1C /* CoreLocation.framework in Frameworks */,
				D0036AEF191208C900D7DF1C /* libz.dylib in Frameworks */,
				D0036AF0191208C900D7DF1C /* MobileCoreServices.framework in Frameworks */,
				D0036AF1191208C900D7DF1C /* QuartzCore.framework in Frameworks */,
				D0036AF2191208C900D7DF1C /* Security.framework in Frameworks */,
				D0036AF3191208C900D7DF1C /* StoreKit.framework in Frameworks */,
				D0036AF4191208C900D7DF1C /* SystemConfiguration.framework in Frameworks */,
				D0036AE31912089400D7DF1C /* AudioToolbox.framework in Frameworks */,
				D0A7CE17191207DB0073EE5F /* CoreGraphics.framework in Frameworks */,
				D0036AF5191208C900D7DF1C /* Twitter.framework in Frameworks */,
				D0A7CE19191207DB0073EE5F /* UIKit.framework in Frameworks */,
				D0A7CE15191207DB0073EE5F /* Foundation.framework in Frameworks */,
			);
			runOnlyForDeploymentPostprocessing = 0;
		};
		D0A7CE32191207DB0073EE5F /* Frameworks */ = {
			isa = PBXFrameworksBuildPhase;
			buildActionMask = 2147483647;
			files = (
				D0A7CE37191207DB0073EE5F /* XCTest.framework in Frameworks */,
				D0A7CE39191207DB0073EE5F /* UIKit.framework in Frameworks */,
				D0A7CE38191207DB0073EE5F /* Foundation.framework in Frameworks */,
			);
			runOnlyForDeploymentPostprocessing = 0;
		};
/* End PBXFrameworksBuildPhase section */

/* Begin PBXGroup section */
		D0A7CE08191207DB0073EE5F = {
			isa = PBXGroup;
			children = (
				D0A7CE1A191207DB0073EE5F /* Found It! */,
				D0A7CE3C191207DB0073EE5F /* Found It!Tests */,
				D0A7CE13191207DB0073EE5F /* Frameworks */,
				D0A7CE12191207DB0073EE5F /* Products */,
			);
			sourceTree = "<group>";
		};
		D0A7CE12191207DB0073EE5F /* Products */ = {
			isa = PBXGroup;
			children = (
				D0A7CE11191207DB0073EE5F /* Found It!.app */,
				D0A7CE35191207DB0073EE5F /* Found It!Tests.xctest */,
			);
			name = Products;
			sourceTree = "<group>";
		};
		D0A7CE13191207DB0073EE5F /* Frameworks */ = {
			isa = PBXGroup;
			children = (
				D0B5E62B1912166C00533008 /* FacebookSDK.framework */,
				D0B5E62C1912166C00533008 /* Parse.framework */,
				D0036AE4191208C900D7DF1C /* CFNetwork.framework */,
				D0036AE5191208C900D7DF1C /* CoreLocation.framework */,
				D0036AE6191208C900D7DF1C /* libz.dylib */,
				D0036AE7191208C900D7DF1C /* MobileCoreServices.framework */,
				D0036AE8191208C900D7DF1C /* QuartzCore.framework */,
				D0036AE9191208C900D7DF1C /* Security.framework */,
				D0036AEA191208C900D7DF1C /* StoreKit.framework */,
				D0036AEB191208C900D7DF1C /* SystemConfiguration.framework */,
				D0036AEC191208C900D7DF1C /* Twitter.framework */,
				D0036AE21912089400D7DF1C /* AudioToolbox.framework */,
				D0A7CE14191207DB0073EE5F /* Foundation.framework */,
				D0A7CE16191207DB0073EE5F /* CoreGraphics.framework */,
				D0A7CE18191207DB0073EE5F /* UIKit.framework */,
				D0A7CE36191207DB0073EE5F /* XCTest.framework */,
			);
			name = Frameworks;
			sourceTree = "<group>";
		};
		D0A7CE1A191207DB0073EE5F /* Found It! */ = {
			isa = PBXGroup;
			children = (
				D0A7CE26191207DB0073EE5F /* Main.storyboard */,
				D0B5E63219121D8B00533008 /* SettingsTableViewController.h */,
				D0B5E63319121D8B00533008 /* SettingsTableViewController.m */,
				D0B5E62F191216E900533008 /* LoginViewController.h */,
				D0B5E630191216E900533008 /* LoginViewController.m */,
				D0A7CE2F191207DB0073EE5F /* Images.xcassets */,
				D0A7CE1B191207DB0073EE5F /* Supporting Files */,
			);
			path = "Found It!";
			sourceTree = "<group>";
		};
		D0A7CE1B191207DB0073EE5F /* Supporting Files */ = {
			isa = PBXGroup;
			children = (
				D0A7CE23191207DB0073EE5F /* AppDelegate.h */,
				D0A7CE24191207DB0073EE5F /* AppDelegate.m */,
				D0A7CE1C191207DB0073EE5F /* Found It!-Info.plist */,
				D0A7CE1D191207DB0073EE5F /* InfoPlist.strings */,
				D0A7CE20191207DB0073EE5F /* main.m */,
				D0A7CE22191207DB0073EE5F /* Found It!-Prefix.pch */,
			);
			name = "Supporting Files";
			sourceTree = "<group>";
		};
		D0A7CE3C191207DB0073EE5F /* Found It!Tests */ = {
			isa = PBXGroup;
			children = (
				D0A7CE42191207DB0073EE5F /* Found_It_Tests.m */,
				D0A7CE3D191207DB0073EE5F /* Supporting Files */,
			);
			path = "Found It!Tests";
			sourceTree = "<group>";
		};
		D0A7CE3D191207DB0073EE5F /* Supporting Files */ = {
			isa = PBXGroup;
			children = (
				D0A7CE3E191207DB0073EE5F /* Found It!Tests-Info.plist */,
				D0A7CE3F191207DB0073EE5F /* InfoPlist.strings */,
			);
			name = "Supporting Files";
			sourceTree = "<group>";
		};
/* End PBXGroup section */

/* Begin PBXNativeTarget section */
		D0A7CE10191207DB0073EE5F /* Found It! */ = {
			isa = PBXNativeTarget;
			buildConfigurationList = D0A7CE46191207DB0073EE5F /* Build configuration list for PBXNativeTarget "Found It!" */;
			buildPhases = (
				D0A7CE0D191207DB0073EE5F /* Sources */,
				D0A7CE0E191207DB0073EE5F /* Frameworks */,
				D0A7CE0F191207DB0073EE5F /* Resources */,
			);
			buildRules = (
			);
			dependencies = (
			);
			name = "Found It!";
			productName = "Found It!";
			productReference = D0A7CE11191207DB0073EE5F /* Found It!.app */;
			productType = "com.apple.product-type.application";
		};
		D0A7CE34191207DB0073EE5F /* Found It!Tests */ = {
			isa = PBXNativeTarget;
			buildConfigurationList = D0A7CE49191207DB0073EE5F /* Build configuration list for PBXNativeTarget "Found It!Tests" */;
			buildPhases = (
				D0A7CE31191207DB0073EE5F /* Sources */,
				D0A7CE32191207DB0073EE5F /* Frameworks */,
				D0A7CE33191207DB0073EE5F /* Resources */,
			);
			buildRules = (
			);
			dependencies = (
				D0A7CE3B191207DB0073EE5F /* PBXTargetDependency */,
			);
			name = "Found It!Tests";
			productName = "Found It!Tests";
			productReference = D0A7CE35191207DB0073EE5F /* Found It!Tests.xctest */;
			productType = "com.apple.product-type.bundle.unit-test";
		};
/* End PBXNativeTarget section */

/* Begin PBXProject section */
		D0A7CE09191207DB0073EE5F /* Project object */ = {
			isa = PBXProject;
			attributes = {
				LastUpgradeCheck = 0510;
				ORGANIZATIONNAME = "Alex Mitchell";
				TargetAttributes = {
					D0A7CE10191207DB0073EE5F = {
						SystemCapabilities = {
							com.apple.BackgroundModes = {
								enabled = 1;
							};
							com.apple.iOS = {
								enabled = 0;
							};
						};
					};
					D0A7CE34191207DB0073EE5F = {
						TestTargetID = D0A7CE10191207DB0073EE5F;
					};
				};
			};
			buildConfigurationList = D0A7CE0C191207DB0073EE5F /* Build configuration list for PBXProject "Found It!" */;
			compatibilityVersion = "Xcode 3.2";
			developmentRegion = English;
			hasScannedForEncodings = 0;
			knownRegions = (
				en,
				Base,
			);
			mainGroup = D0A7CE08191207DB0073EE5F;
			productRefGroup = D0A7CE12191207DB0073EE5F /* Products */;
			projectDirPath = "";
			projectRoot = "";
			targets = (
				D0A7CE10191207DB0073EE5F /* Found It! */,
				D0A7CE34191207DB0073EE5F /* Found It!Tests */,
			);
		};
/* End PBXProject section */

/* Begin PBXResourcesBuildPhase section */
		D0A7CE0F191207DB0073EE5F /* Resources */ = {
			isa = PBXResourcesBuildPhase;
			buildActionMask = 2147483647;
			files = (
				D0A7CE30191207DB0073EE5F /* Images.xcassets in Resources */,
				D0A7CE1F191207DB0073EE5F /* InfoPlist.strings in Resources */,
				D0A7CE28191207DB0073EE5F /* Main.storyboard in Resources */,
			);
			runOnlyForDeploymentPostprocessing = 0;
		};
		D0A7CE33191207DB0073EE5F /* Resources */ = {
			isa = PBXResourcesBuildPhase;
			buildActionMask = 2147483647;
			files = (
				D0A7CE41191207DB0073EE5F /* InfoPlist.strings in Resources */,
			);
			runOnlyForDeploymentPostprocessing = 0;
		};
/* End PBXResourcesBuildPhase section */

/* Begin PBXSourcesBuildPhase section */
		D0A7CE0D191207DB0073EE5F /* Sources */ = {
			isa = PBXSourcesBuildPhase;
			buildActionMask = 2147483647;
			files = (
				D0B5E63419121D8B00533008 /* SettingsTableViewController.m in Sources */,
				D0A7CE25191207DB0073EE5F /* AppDelegate.m in Sources */,
				D0A7CE21191207DB0073EE5F /* main.m in Sources */,
				D0B5E631191216E900533008 /* LoginViewController.m in Sources */,
			);
			runOnlyForDeploymentPostprocessing = 0;
		};
		D0A7CE31191207DB0073EE5F /* Sources */ = {
			isa = PBXSourcesBuildPhase;
			buildActionMask = 2147483647;
			files = (
				D0A7CE43191207DB0073EE5F /* Found_It_Tests.m in Sources */,
			);
			runOnlyForDeploymentPostprocessing = 0;
		};
/* End PBXSourcesBuildPhase section */

/* Begin PBXTargetDependency section */
		D0A7CE3B191207DB0073EE5F /* PBXTargetDependency */ = {
			isa = PBXTargetDependency;
			target = D0A7CE10191207DB0073EE5F /* Found It! */;
			targetProxy = D0A7CE3A191207DB0073EE5F /* PBXContainerItemProxy */;
		};
/* End PBXTargetDependency section */

/* Begin PBXVariantGroup section */
		D0A7CE1D191207DB0073EE5F /* InfoPlist.strings */ = {
			isa = PBXVariantGroup;
			children = (
				D0A7CE1E191207DB0073EE5F /* en */,
			);
			name = InfoPlist.strings;
			sourceTree = "<group>";
		};
		D0A7CE26191207DB0073EE5F /* Main.storyboard */ = {
			isa = PBXVariantGroup;
			children = (
				D0A7CE27191207DB0073EE5F /* Base */,
			);
			name = Main.storyboard;
			sourceTree = "<group>";
		};
		D0A7CE3F191207DB0073EE5F /* InfoPlist.strings */ = {
			isa = PBXVariantGroup;
			children = (
				D0A7CE40191207DB0073EE5F /* en */,
			);
			name = InfoPlist.strings;
			sourceTree = "<group>";
		};
/* End PBXVariantGroup section */

/* Begin XCBuildConfiguration section */
		D0A7CE44191207DB0073EE5F /* Debug */ = {
			isa = XCBuildConfiguration;
			buildSettings = {
				ALWAYS_SEARCH_USER_PATHS = NO;
				CLANG_CXX_LANGUAGE_STANDARD = "gnu++0x";
				CLANG_CXX_LIBRARY = "libc++";
				CLANG_ENABLE_MODULES = YES;
				CLANG_ENABLE_OBJC_ARC = YES;
				CLANG_WARN_BOOL_CONVERSION = YES;
				CLANG_WARN_CONSTANT_CONVERSION = YES;
				CLANG_WARN_DIRECT_OBJC_ISA_USAGE = YES_ERROR;
				CLANG_WARN_EMPTY_BODY = YES;
				CLANG_WARN_ENUM_CONVERSION = YES;
				CLANG_WARN_INT_CONVERSION = YES;
				CLANG_WARN_OBJC_ROOT_CLASS = YES_ERROR;
				CLANG_WARN__DUPLICATE_METHOD_MATCH = YES;
				"CODE_SIGN_IDENTITY[sdk=iphoneos*]" = "iPhone Developer";
				COPY_PHASE_STRIP = NO;
				GCC_C_LANGUAGE_STANDARD = gnu99;
				GCC_DYNAMIC_NO_PIC = NO;
				GCC_OPTIMIZATION_LEVEL = 0;
				GCC_PREPROCESSOR_DEFINITIONS = (
					"DEBUG=1",
					"$(inherited)",
				);
				GCC_SYMBOLS_PRIVATE_EXTERN = NO;
				GCC_WARN_64_TO_32_BIT_CONVERSION = YES;
				GCC_WARN_ABOUT_RETURN_TYPE = YES_ERROR;
				GCC_WARN_UNDECLARED_SELECTOR = YES;
				GCC_WARN_UNINITIALIZED_AUTOS = YES_AGGRESSIVE;
				GCC_WARN_UNUSED_FUNCTION = YES;
				GCC_WARN_UNUSED_VARIABLE = YES;
				IPHONEOS_DEPLOYMENT_TARGET = 7.1;
				ONLY_ACTIVE_ARCH = YES;
				SDKROOT = iphoneos;
			};
			name = Debug;
		};
		D0A7CE45191207DB0073EE5F /* Release */ = {
			isa = XCBuildConfiguration;
			buildSettings = {
				ALWAYS_SEARCH_USER_PATHS = NO;
				CLANG_CXX_LANGUAGE_STANDARD = "gnu++0x";
				CLANG_CXX_LIBRARY = "libc++";
				CLANG_ENABLE_MODULES = YES;
				CLANG_ENABLE_OBJC_ARC = YES;
				CLANG_WARN_BOOL_CONVERSION = YES;
				CLANG_WARN_CONSTANT_CONVERSION = YES;
				CLANG_WARN_DIRECT_OBJC_ISA_USAGE = YES_ERROR;
				CLANG_WARN_EMPTY_BODY = YES;
				CLANG_WARN_ENUM_CONVERSION = YES;
				CLANG_WARN_INT_CONVERSION = YES;
				CLANG_WARN_OBJC_ROOT_CLASS = YES_ERROR;
				CLANG_WARN__DUPLICATE_METHOD_MATCH = YES;
				"CODE_SIGN_IDENTITY[sdk=iphoneos*]" = "iPhone Developer";
				COPY_PHASE_STRIP = YES;
				ENABLE_NS_ASSERTIONS = NO;
				GCC_C_LANGUAGE_STANDARD = gnu99;
				GCC_WARN_64_TO_32_BIT_CONVERSION = YES;
				GCC_WARN_ABOUT_RETURN_TYPE = YES_ERROR;
				GCC_WARN_UNDECLARED_SELECTOR = YES;
				GCC_WARN_UNINITIALIZED_AUTOS = YES_AGGRESSIVE;
				GCC_WARN_UNUSED_FUNCTION = YES;
				GCC_WARN_UNUSED_VARIABLE = YES;
				IPHONEOS_DEPLOYMENT_TARGET = 7.1;
				SDKROOT = iphoneos;
				VALIDATE_PRODUCT = YES;
			};
			name = Release;
		};
		D0A7CE47191207DB0073EE5F /* Debug */ = {
			isa = XCBuildConfiguration;
			buildSettings = {
				ASSETCATALOG_COMPILER_APPICON_NAME = AppIcon;
				ASSETCATALOG_COMPILER_LAUNCHIMAGE_NAME = LaunchImage;
				FRAMEWORK_SEARCH_PATHS = (
					"$(inherited)",
					"$(PROJECT_DIR)",
				);
				GCC_PRECOMPILE_PREFIX_HEADER = YES;
				GCC_PREFIX_HEADER = "Found It!/Found It!-Prefix.pch";
				INFOPLIST_FILE = "Found It!/Found It!-Info.plist";
				PRODUCT_NAME = "$(TARGET_NAME)";
				WRAPPER_EXTENSION = app;
			};
			name = Debug;
		};
		D0A7CE48191207DB0073EE5F /* Release */ = {
			isa = XCBuildConfiguration;
			buildSettings = {
				ASSETCATALOG_COMPILER_APPICON_NAME = AppIcon;
				ASSETCATALOG_COMPILER_LAUNCHIMAGE_NAME = LaunchImage;
				FRAMEWORK_SEARCH_PATHS = (
					"$(inherited)",
					"$(PROJECT_DIR)",
				);
				GCC_PRECOMPILE_PREFIX_HEADER = YES;
				GCC_PREFIX_HEADER = "Found It!/Found It!-Prefix.pch";
				INFOPLIST_FILE = "Found It!/Found It!-Info.plist";
				PRODUCT_NAME = "$(TARGET_NAME)";
				WRAPPER_EXTENSION = app;
			};
			name = Release;
		};
		D0A7CE4A191207DB0073EE5F /* Debug */ = {
			isa = XCBuildConfiguration;
			buildSettings = {
				BUNDLE_LOADER = "$(BUILT_PRODUCTS_DIR)/Found It!.app/Found It!";
				FRAMEWORK_SEARCH_PATHS = (
					"$(SDKROOT)/Developer/Library/Frameworks",
					"$(inherited)",
					"$(DEVELOPER_FRAMEWORKS_DIR)",
				);
				GCC_PRECOMPILE_PREFIX_HEADER = YES;
				GCC_PREFIX_HEADER = "Found It!/Found It!-Prefix.pch";
				GCC_PREPROCESSOR_DEFINITIONS = (
					"DEBUG=1",
					"$(inherited)",
				);
				INFOPLIST_FILE = "Found It!Tests/Found It!Tests-Info.plist";
				PRODUCT_NAME = "$(TARGET_NAME)";
				TEST_HOST = "$(BUNDLE_LOADER)";
				WRAPPER_EXTENSION = xctest;
			};
			name = Debug;
		};
		D0A7CE4B191207DB0073EE5F /* Release */ = {
			isa = XCBuildConfiguration;
			buildSettings = {
				BUNDLE_LOADER = "$(BUILT_PRODUCTS_DIR)/Found It!.app/Found It!";
				FRAMEWORK_SEARCH_PATHS = (
					"$(SDKROOT)/Developer/Library/Frameworks",
					"$(inherited)",
					"$(DEVELOPER_FRAMEWORKS_DIR)",
				);
				GCC_PRECOMPILE_PREFIX_HEADER = YES;
				GCC_PREFIX_HEADER = "Found It!/Found It!-Prefix.pch";
				INFOPLIST_FILE = "Found It!Tests/Found It!Tests-Info.plist";
				PRODUCT_NAME = "$(TARGET_NAME)";
				TEST_HOST = "$(BUNDLE_LOADER)";
				WRAPPER_EXTENSION = xctest;
			};
			name = Release;
		};
/* End XCBuildConfiguration section */

/* Begin XCConfigurationList section */
		D0A7CE0C191207DB0073EE5F /* Build configuration list for PBXProject "Found It!" */ = {
			isa = XCConfigurationList;
			buildConfigurations = (
				D0A7CE44191207DB0073EE5F /* Debug */,
				D0A7CE45191207DB0073EE5F /* Release */,
			);
			defaultConfigurationIsVisible = 0;
			defaultConfigurationName = Release;
		};
		D0A7CE46191207DB0073EE5F /* Build configuration list for PBXNativeTarget "Found It!" */ = {
			isa = XCConfigurationList;
			buildConfigurations = (
				D0A7CE47191207DB0073EE5F /* Debug */,
				D0A7CE48191207DB0073EE5F /* Release */,
			);
			defaultConfigurationIsVisible = 0;
			defaultConfigurationName = Release;
		};
		D0A7CE49191207DB0073EE5F /* Build configuration list for PBXNativeTarget "Found It!Tests" */ = {
			isa = XCConfigurationList;
			buildConfigurations = (
				D0A7CE4A191207DB0073EE5F /* Debug */,
				D0A7CE4B191207DB0073EE5F /* Release */,
			);
			defaultConfigurationIsVisible = 0;
			defaultConfigurationName = Release;
		};
/* End XCConfigurationList section */
	};
	rootObject = D0A7CE09191207DB0073EE5F /* Project object */;
}
